// !$*UTF8*$!
{
	archiveVersion = 1;
	classes = {
	};
	objectVersion = 60;
	objects = {

/* Begin PBXBuildFile section */
		AAA00001 /* FocusHavenApp.swift in Sources */ = {isa = PBXBuildFile; fileRef = AAA00002 /* FocusHavenApp.swift */; };
		AAA00003 /* Assets.xcassets in Resources */ = {isa = PBXBuildFile; fileRef = AAA00004 /* Assets.xcassets */; };
		AAA00005 /* FocusHavenFeature in Frameworks */ = {isa = PBXBuildFile; productRef = AAA00006 /* FocusHavenFeature */; };
		AAA00007 /* GoogleService-Info.plist in Resources */ = {isa = PBXBuildFile; fileRef = AAA00008 /* GoogleService-Info.plist */; };
		BBB00001 /* FocusHavenWidgetsBundle.swift in Sources */ = {isa = PBXBuildFile; fileRef = BBB00002 /* FocusHavenWidgetsBundle.swift */; };
		BBB00003 /* FocusTimerLiveActivity.swift in Sources */ = {isa = PBXBuildFile; fileRef = BBB00004 /* FocusTimerLiveActivity.swift */; };
		BBB00005 /* WidgetKit.framework in Frameworks */ = {isa = PBXBuildFile; fileRef = BBB00006 /* WidgetKit.framework */; };
		BBB00007 /* SwiftUI.framework in Frameworks */ = {isa = PBXBuildFile; fileRef = BBB00008 /* SwiftUI.framework */; };
		BBB00009 /* FocusHavenWidgets.appex in Embed Foundation Extensions */ = {isa = PBXBuildFile; fileRef = BBB00010 /* FocusHavenWidgets.appex */; settings = {ATTRIBUTES = (RemoveHeadersOnCopy, ); }; };
		CCC00001 /* focus-complete.aiff in Resources */ = {isa = PBXBuildFile; fileRef = CCC00002 /* focus-complete.aiff */; };
		CCC00003 /* break-complete.aiff in Resources */ = {isa = PBXBuildFile; fileRef = CCC00004 /* break-complete.aiff */; };
		DDD00001 /* PrivacyInfo.xcprivacy in Resources */ = {isa = PBXBuildFile; fileRef = DDD00002 /* PrivacyInfo.xcprivacy */; };
/* End PBXBuildFile section */

/* Begin PBXContainerItemProxy section */
		BBB00020 /* PBXContainerItemProxy */ = {
			isa = PBXContainerItemProxy;
			containerPortal = AAA00060 /* Project object */;
			proxyType = 1;
			remoteGlobalIDString = BBB00030;
			remoteInfo = FocusHavenWidgets;
		};
/* End PBXContainerItemProxy section */

/* Begin PBXCopyFilesBuildPhase section */
		BBB00021 /* Embed Foundation Extensions */ = {
			isa = PBXCopyFilesBuildPhase;
			buildActionMask = 2147483647;
			dstPath = "";
			dstSubfolderSpec = 13;
			files = (
				BBB00009 /* FocusHavenWidgets.appex in Embed Foundation Extensions */,
			);
			name = "Embed Foundation Extensions";
			runOnlyForDeploymentPostprocessing = 0;
		};
/* End PBXCopyFilesBuildPhase section */

/* Begin PBXFileReference section */
		AAA00002 /* FocusHavenApp.swift */ = {isa = PBXFileReference; lastKnownFileType = sourcecode.swift; path = FocusHavenApp.swift; sourceTree = "<group>"; };
		AAA00004 /* Assets.xcassets */ = {isa = PBXFileReference; lastKnownFileType = folder.assetcatalog; path = Assets.xcassets; sourceTree = "<group>"; };
		AAA00008 /* GoogleService-Info.plist */ = {isa = PBXFileReference; lastKnownFileType = text.plist.xml; path = "GoogleService-Info.plist"; sourceTree = "<group>"; };
		AAA00009 /* Info.plist */ = {isa = PBXFileReference; lastKnownFileType = text.plist.xml; path = Info.plist; sourceTree = "<group>"; };
		AAA00010 /* FocusHaven.app */ = {isa = PBXFileReference; explicitFileType = wrapper.application; includeInIndex = 0; path = FocusHaven.app; sourceTree = BUILT_PRODUCTS_DIR; };
		BBB00002 /* FocusHavenWidgetsBundle.swift */ = {isa = PBXFileReference; lastKnownFileType = sourcecode.swift; path = FocusHavenWidgetsBundle.swift; sourceTree = "<group>"; };
		BBB00004 /* FocusTimerLiveActivity.swift */ = {isa = PBXFileReference; lastKnownFileType = sourcecode.swift; path = FocusTimerLiveActivity.swift; sourceTree = "<group>"; };
		BBB00006 /* WidgetKit.framework */ = {isa = PBXFileReference; lastKnownFileType = wrapper.framework; name = WidgetKit.framework; path = System/Library/Frameworks/WidgetKit.framework; sourceTree = SDKROOT; };
		BBB00008 /* SwiftUI.framework */ = {isa = PBXFileReference; lastKnownFileType = wrapper.framework; name = SwiftUI.framework; path = System/Library/Frameworks/SwiftUI.framework; sourceTree = SDKROOT; };
		BBB00010 /* FocusHavenWidgets.appex */ = {isa = PBXFileReference; explicitFileType = "wrapper.app-extension"; includeInIndex = 0; path = FocusHavenWidgets.appex; sourceTree = BUILT_PRODUCTS_DIR; };
		BBB00011 /* Info.plist */ = {isa = PBXFileReference; lastKnownFileType = text.plist.xml; path = Info.plist; sourceTree = "<group>"; };
		CCC00002 /* focus-complete.aiff */ = {isa = PBXFileReference; lastKnownFileType = audio.aiff; path = "focus-complete.aiff"; sourceTree = "<group>"; };
		CCC00004 /* break-complete.aiff */ = {isa = PBXFileReference; lastKnownFileType = audio.aiff; path = "break-complete.aiff"; sourceTree = "<group>"; };
		DDD00002 /* PrivacyInfo.xcprivacy */ = {isa = PBXFileReference; lastKnownFileType = text.xml; path = PrivacyInfo.xcprivacy; sourceTree = "<group>"; };
/* End PBXFileReference section */

/* Begin PBXFrameworksBuildPhase section */
		AAA00020 /* Frameworks */ = {
			isa = PBXFrameworksBuildPhase;
			buildActionMask = 2147483647;
			files = (
				AAA00005 /* FocusHavenFeature in Frameworks */,
			);
			runOnlyForDeploymentPostprocessing = 0;
		};
		BBB00022 /* Frameworks */ = {
			isa = PBXFrameworksBuildPhase;
			buildActionMask = 2147483647;
			files = (
				BBB00007 /* SwiftUI.framework in Frameworks */,
				BBB00005 /* WidgetKit.framework in Frameworks */,
			);
			runOnlyForDeploymentPostprocessing = 0;
		};
/* End PBXFrameworksBuildPhase section */

/* Begin PBXGroup section */
		AAA00030 = {
			isa = PBXGroup;
			children = (
				AAA00031 /* FocusHaven */,
				BBB00031 /* FocusHavenWidgets */,
				AAA00032 /* Products */,
				AAA00033 /* Frameworks */,
			);
			sourceTree = "<group>";
		};
		AAA00031 /* FocusHaven */ = {
			isa = PBXGroup;
			children = (
				AAA00002 /* FocusHavenApp.swift */,
				AAA00004 /* Assets.xcassets */,
				CCC00010 /* Sounds */,
				AAA00008 /* GoogleService-Info.plist */,
				AAA00009 /* Info.plist */,
				DDD00002 /* PrivacyInfo.xcprivacy */,
			);
			path = FocusHaven;
			sourceTree = "<group>";
		};
		AAA00032 /* Products */ = {
			isa = PBXGroup;
			children = (
				AAA00010 /* FocusHaven.app */,
				BBB00010 /* FocusHavenWidgets.appex */,
			);
			name = Products;
			sourceTree = "<group>";
		};
		AAA00033 /* Frameworks */ = {
			isa = PBXGroup;
			children = (
				BBB00006 /* WidgetKit.framework */,
				BBB00008 /* SwiftUI.framework */,
			);
			name = Frameworks;
			sourceTree = "<group>";
		};
		BBB00031 /* FocusHavenWidgets */ = {
			isa = PBXGroup;
			children = (
				BBB00002 /* FocusHavenWidgetsBundle.swift */,
				BBB00004 /* FocusTimerLiveActivity.swift */,
				BBB00011 /* Info.plist */,
			);
			path = FocusHavenWidgets;
			sourceTree = "<group>";
		};
		CCC00010 /* Sounds */ = {
			isa = PBXGroup;
			children = (
				CCC00002 /* focus-complete.aiff */,
				CCC00004 /* break-complete.aiff */,
			);
			path = Sounds;
			sourceTree = "<group>";
		};
/* End PBXGroup section */

/* Begin PBXNativeTarget section */
		AAA00040 /* FocusHaven */ = {
			isa = PBXNativeTarget;
			buildConfigurationList = AAA00050 /* Build configuration list for PBXNativeTarget "FocusHaven" */;
			buildPhases = (
				AAA00041 /* Sources */,
				AAA00020 /* Frameworks */,
				AAA00042 /* Resources */,
				BBB00021 /* Embed Foundation Extensions */,
			);
			buildRules = (
			);
			dependencies = (
				BBB00023 /* PBXTargetDependency */,
			);
			name = FocusHaven;
			packageProductDependencies = (
				AAA00006 /* FocusHavenFeature */,
			);
			productName = FocusHaven;
			productReference = AAA00010 /* FocusHaven.app */;
			productType = "com.apple.product-type.application";
		};
		BBB00030 /* FocusHavenWidgets */ = {
			isa = PBXNativeTarget;
			buildConfigurationList = BBB00050 /* Build configuration list for PBXNativeTarget "FocusHavenWidgets" */;
			buildPhases = (
				BBB00032 /* Sources */,
				BBB00022 /* Frameworks */,
				BBB00033 /* Resources */,
			);
			buildRules = (
			);
			dependencies = (
			);
			name = FocusHavenWidgets;
			productName = FocusHavenWidgets;
			productReference = BBB00010 /* FocusHavenWidgets.appex */;
			productType = "com.apple.product-type.app-extension";
		};
/* End PBXNativeTarget section */

/* Begin PBXProject section */
		AAA00060 /* Project object */ = {
			isa = PBXProject;
			attributes = {
				BuildIndependentTargetsInParallel = 1;
				LastSwiftUpdateCheck = 1520;
				LastUpgradeCheck = 1520;
				TargetAttributes = {
					AAA00040 = {
						CreatedOnToolsVersion = 15.2;
					};
					BBB00030 = {
						CreatedOnToolsVersion = 15.2;
					};
				};
			};
			buildConfigurationList = AAA00061 /* Build configuration list for PBXProject "FocusHaven" */;
			compatibilityVersion = "Xcode 14.0";
			developmentRegion = en;
			hasScannedForEncodings = 0;
			knownRegions = (
				en,
				Base,
			);
			mainGroup = AAA00030;
			packageReferences = (
				AAA00070 /* XCLocalSwiftPackageReference "FocusHavenPackage" */,
			);
			productRefGroup = AAA00032 /* Products */;
			projectDirPath = "";
			projectRoot = "";
			targets = (
				AAA00040 /* FocusHaven */,
				BBB00030 /* FocusHavenWidgets */,
			);
		};
/* End PBXProject section */

/* Begin PBXResourcesBuildPhase section */
		AAA00042 /* Resources */ = {
			isa = PBXResourcesBuildPhase;
			buildActionMask = 2147483647;
			files = (
				AAA00003 /* Assets.xcassets in Resources */,
				AAA00007 /* GoogleService-Info.plist in Resources */,
				CCC00001 /* focus-complete.aiff in Resources */,
				CCC00003 /* break-complete.aiff in Resources */,
				DDD00001 /* PrivacyInfo.xcprivacy in Resources */,
			);
			runOnlyForDeploymentPostprocessing = 0;
		};
		BBB00033 /* Resources */ = {
			isa = PBXResourcesBuildPhase;
			buildActionMask = 2147483647;
			files = (
			);
			runOnlyForDeploymentPostprocessing = 0;
		};
/* End PBXResourcesBuildPhase section */

/* Begin PBXSourcesBuildPhase section */
		AAA00041 /* Sources */ = {
			isa = PBXSourcesBuildPhase;
			buildActionMask = 2147483647;
			files = (
				AAA00001 /* FocusHavenApp.swift in Sources */,
			);
			runOnlyForDeploymentPostprocessing = 0;
		};
		BBB00032 /* Sources */ = {
			isa = PBXSourcesBuildPhase;
			buildActionMask = 2147483647;
			files = (
				BBB00001 /* FocusHavenWidgetsBundle.swift in Sources */,
				BBB00003 /* FocusTimerLiveActivity.swift in Sources */,
			);
			runOnlyForDeploymentPostprocessing = 0;
		};
/* End PBXSourcesBuildPhase section */

/* Begin PBXTargetDependency section */
		BBB00023 /* PBXTargetDependency */ = {
			isa = PBXTargetDependency;
			target = BBB00030 /* FocusHavenWidgets */;
			targetProxy = BBB00020 /* PBXContainerItemProxy */;
		};
/* End PBXTargetDependency section */

/* Begin XCBuildConfiguration section */
		AAA00080 /* Debug */ = {
			isa = XCBuildConfiguration;
			buildSettings = {
				ALWAYS_SEARCH_USER_PATHS = NO;
				ASSETCATALOG_COMPILER_GENERATE_SWIFT_ASSET_SYMBOL_EXTENSIONS = YES;
				CLANG_ANALYZER_NONNULL = YES;
				CLANG_ANALYZER_NUMBER_OBJECT_CONVERSION = YES_AGGRESSIVE;
				CLANG_CXX_LANGUAGE_STANDARD = "gnu++20";
				CLANG_ENABLE_MODULES = YES;
				CLANG_ENABLE_OBJC_ARC = YES;
				CLANG_ENABLE_OBJC_WEAK = YES;
				CLANG_WARN_BLOCK_CAPTURE_AUTORELEASING = YES;
				CLANG_WARN_BOOL_CONVERSION = YES;
				CLANG_WARN_COMMA = YES;
				CLANG_WARN_CONSTANT_CONVERSION = YES;
				CLANG_WARN_DEPRECATED_OBJC_IMPLEMENTATIONS = YES;
				CLANG_WARN_DIRECT_OBJC_ISA_USAGE = YES_ERROR;
				CLANG_WARN_DOCUMENTATION_COMMENTS = YES;
				CLANG_WARN_EMPTY_BODY = YES;
				CLANG_WARN_ENUM_CONVERSION = YES;
				CLANG_WARN_INFINITE_RECURSION = YES;
				CLANG_WARN_INT_CONVERSION = YES;
				CLANG_WARN_NON_LITERAL_NULL_CONVERSION = YES;
				CLANG_WARN_OBJC_IMPLICIT_RETAIN_SELF = YES;
				CLANG_WARN_OBJC_LITERAL_CONVERSION = YES;
				CLANG_WARN_OBJC_ROOT_CLASS = YES_ERROR;
				CLANG_WARN_QUOTED_INCLUDE_IN_FRAMEWORK_HEADER = YES;
				CLANG_WARN_RANGE_LOOP_ANALYSIS = YES;
				CLANG_WARN_STRICT_PROTOTYPES = YES;
				CLANG_WARN_SUSPICIOUS_MOVE = YES;
				CLANG_WARN_UNGUARDED_AVAILABILITY = YES_AGGRESSIVE;
				CLANG_WARN_UNREACHABLE_CODE = YES;
				CLANG_WARN__DUPLICATE_METHOD_MATCH = YES;
				COPY_PHASE_STRIP = NO;
				DEBUG_INFORMATION_FORMAT = dwarf;
				ENABLE_STRICT_OBJC_MSGSEND = YES;
				ENABLE_TESTABILITY = YES;
				ENABLE_USER_SCRIPT_SANDBOXING = YES;
				GCC_C_LANGUAGE_STANDARD = gnu17;
				GCC_DYNAMIC_NO_PIC = NO;
				GCC_NO_COMMON_BLOCKS = YES;
				GCC_OPTIMIZATION_LEVEL = 0;
				GCC_PREPROCESSOR_DEFINITIONS = (
					"DEBUG=1",
					"$(inherited)",
				);
				GCC_WARN_64_TO_32_BIT_CONVERSION = YES;
				GCC_WARN_ABOUT_RETURN_TYPE = YES_ERROR;
				GCC_WARN_UNDECLARED_SELECTOR = YES;
				GCC_WARN_UNINITIALIZED_AUTOS = YES_AGGRESSIVE;
				GCC_WARN_UNUSED_FUNCTION = YES;
				GCC_WARN_UNUSED_VARIABLE = YES;
				IPHONEOS_DEPLOYMENT_TARGET = 17.0;
				LOCALIZATION_PREFERS_STRING_CATALOGS = YES;
				MTL_ENABLE_DEBUG_INFO = INCLUDE_SOURCE;
				MTL_FAST_MATH = YES;
				ONLY_ACTIVE_ARCH = YES;
				SDKROOT = iphoneos;
				SWIFT_ACTIVE_COMPILATION_CONDITIONS = "DEBUG $(inherited)";
				SWIFT_OPTIMIZATION_LEVEL = "-Onone";
			};
			name = Debug;
		};
		AAA00081 /* Release */ = {
			isa = XCBuildConfiguration;
			buildSettings = {
				ALWAYS_SEARCH_USER_PATHS = NO;
				ASSETCATALOG_COMPILER_GENERATE_SWIFT_ASSET_SYMBOL_EXTENSIONS = YES;
				CLANG_ANALYZER_NONNULL = YES;
				CLANG_ANALYZER_NUMBER_OBJECT_CONVERSION = YES_AGGRESSIVE;
				CLANG_CXX_LANGUAGE_STANDARD = "gnu++20";
				CLANG_ENABLE_MODULES = YES;
				CLANG_ENABLE_OBJC_ARC = YES;
				CLANG_ENABLE_OBJC_WEAK = YES;
				CLANG_WARN_BLOCK_CAPTURE_AUTORELEASING = YES;
				CLANG_WARN_BOOL_CONVERSION = YES;
				CLANG_WARN_COMMA = YES;
				CLANG_WARN_CONSTANT_CONVERSION = YES;
				CLANG_WARN_DEPRECATED_OBJC_IMPLEMENTATIONS = YES;
				CLANG_WARN_DIRECT_OBJC_ISA_USAGE = YES_ERROR;
				CLANG_WARN_DOCUMENTATION_COMMENTS = YES;
				CLANG_WARN_EMPTY_BODY = YES;
				CLANG_WARN_ENUM_CONVERSION = YES;
				CLANG_WARN_INFINITE_RECURSION = YES;
				CLANG_WARN_INT_CONVERSION = YES;
				CLANG_WARN_NON_LITERAL_NULL_CONVERSION = YES;
				CLANG_WARN_OBJC_IMPLICIT_RETAIN_SELF = YES;
				CLANG_WARN_OBJC_LITERAL_CONVERSION = YES;
				CLANG_WARN_OBJC_ROOT_CLASS = YES_ERROR;
				CLANG_WARN_QUOTED_INCLUDE_IN_FRAMEWORK_HEADER = YES;
				CLANG_WARN_RANGE_LOOP_ANALYSIS = YES;
				CLANG_WARN_STRICT_PROTOTYPES = YES;
				CLANG_WARN_SUSPICIOUS_MOVE = YES;
				CLANG_WARN_UNGUARDED_AVAILABILITY = YES_AGGRESSIVE;
				CLANG_WARN_UNREACHABLE_CODE = YES;
				CLANG_WARN__DUPLICATE_METHOD_MATCH = YES;
				COPY_PHASE_STRIP = NO;
				DEBUG_INFORMATION_FORMAT = "dwarf-with-dsym";
				ENABLE_NS_ASSERTIONS = NO;
				ENABLE_STRICT_OBJC_MSGSEND = YES;
				ENABLE_USER_SCRIPT_SANDBOXING = YES;
				GCC_C_LANGUAGE_STANDARD = gnu17;
				GCC_NO_COMMON_BLOCKS = YES;
				GCC_WARN_64_TO_32_BIT_CONVERSION = YES;
				GCC_WARN_ABOUT_RETURN_TYPE = YES_ERROR;
				GCC_WARN_UNDECLARED_SELECTOR = YES;
				GCC_WARN_UNINITIALIZED_AUTOS = YES_AGGRESSIVE;
				GCC_WARN_UNUSED_FUNCTION = YES;
				GCC_WARN_UNUSED_VARIABLE = YES;
				IPHONEOS_DEPLOYMENT_TARGET = 17.0;
				LOCALIZATION_PREFERS_STRING_CATALOGS = YES;
				MTL_ENABLE_DEBUG_INFO = NO;
				MTL_FAST_MATH = YES;
				SDKROOT = iphoneos;
				SWIFT_COMPILATION_MODE = wholemodule;
				VALIDATE_PRODUCT = YES;
			};
			name = Release;
		};
		AAA00082 /* Debug */ = {
			isa = XCBuildConfiguration;
			buildSettings = {
				ALWAYS_EMBED_SWIFT_STANDARD_LIBRARIES = YES;
				ASSETCATALOG_COMPILER_APPICON_NAME = AppIcon;
				ASSETCATALOG_COMPILER_GLOBAL_ACCENT_COLOR_NAME = AccentColor;
				CODE_SIGN_ENTITLEMENTS = FocusHaven/FocusHaven.entitlements;
				CODE_SIGN_STYLE = Automatic;
				CURRENT_PROJECT_VERSION = 1;
				DEVELOPMENT_TEAM = ZK8JN58JHS;
				ENABLE_PREVIEWS = YES;
				GENERATE_INFOPLIST_FILE = YES;
				INFOPLIST_FILE = FocusHaven/Info.plist;
				INFOPLIST_KEY_UIApplicationSceneManifest_Generation = YES;
				INFOPLIST_KEY_UIApplicationSupportsIndirectInputEvents = YES;
				INFOPLIST_KEY_UILaunchScreen_Generation = YES;
				INFOPLIST_KEY_UISupportedInterfaceOrientations_iPad = "UIInterfaceOrientationPortrait UIInterfaceOrientationPortraitUpsideDown UIInterfaceOrientationLandscapeLeft UIInterfaceOrientationLandscapeRight";
				INFOPLIST_KEY_UISupportedInterfaceOrientations_iPhone = "UIInterfaceOrientationPortrait UIInterfaceOrientationLandscapeLeft UIInterfaceOrientationLandscapeRight";
				LD_RUNPATH_SEARCH_PATHS = (
					"$(inherited)",
					"@executable_path/Frameworks",
				);
				MARKETING_VERSION = 2.0;
				PRODUCT_BUNDLE_IDENTIFIER = com.dishaanand.focushaven;
				PRODUCT_NAME = "$(TARGET_NAME)";
				SWIFT_EMIT_LOC_STRINGS = YES;
				SWIFT_VERSION = 5.0;
				TARGETED_DEVICE_FAMILY = "1,2";
			};
			name = Debug;
		};
		AAA00083 /* Release */ = {
			isa = XCBuildConfiguration;
			buildSettings = {
				ALWAYS_EMBED_SWIFT_STANDARD_LIBRARIES = YES;
				ASSETCATALOG_COMPILER_APPICON_NAME = AppIcon;
				ASSETCATALOG_COMPILER_GLOBAL_ACCENT_COLOR_NAME = AccentColor;
				CODE_SIGN_ENTITLEMENTS = FocusHaven/FocusHaven.entitlements;
				CODE_SIGN_STYLE = Automatic;
				CURRENT_PROJECT_VERSION = 1;
				DEVELOPMENT_TEAM = ZK8JN58JHS;
				ENABLE_PREVIEWS = YES;
				GENERATE_INFOPLIST_FILE = YES;
				INFOPLIST_FILE = FocusHaven/Info.plist;
				INFOPLIST_KEY_UIApplicationSceneManifest_Generation = YES;
				INFOPLIST_KEY_UIApplicationSupportsIndirectInputEvents = YES;
				INFOPLIST_KEY_UILaunchScreen_Generation = YES;
				INFOPLIST_KEY_UISupportedInterfaceOrientations_iPad = "UIInterfaceOrientationPortrait UIInterfaceOrientationPortraitUpsideDown UIInterfaceOrientationLandscapeLeft UIInterfaceOrientationLandscapeRight";
				INFOPLIST_KEY_UISupportedInterfaceOrientations_iPhone = "UIInterfaceOrientationPortrait UIInterfaceOrientationLandscapeLeft UIInterfaceOrientationLandscapeRight";
				LD_RUNPATH_SEARCH_PATHS = (
					"$(inherited)",
					"@executable_path/Frameworks",
				);
				MARKETING_VERSION = 2.0;
				PRODUCT_BUNDLE_IDENTIFIER = com.dishaanand.focushaven;
				PRODUCT_NAME = "$(TARGET_NAME)";
				SWIFT_EMIT_LOC_STRINGS = YES;
				SWIFT_VERSION = 5.0;
				TARGETED_DEVICE_FAMILY = "1,2";
			};
			name = Release;
		};
		BBB00051 /* Debug */ = {
			isa = XCBuildConfiguration;
			buildSettings = {
				ASSETCATALOG_COMPILER_GLOBAL_ACCENT_COLOR_NAME = AccentColor;
				ASSETCATALOG_COMPILER_WIDGET_BACKGROUND_COLOR_NAME = WidgetBackground;
				CODE_SIGN_STYLE = Automatic;
				CURRENT_PROJECT_VERSION = 1;
				DEVELOPMENT_TEAM = ZK8JN58JHS;
				GENERATE_INFOPLIST_FILE = YES;
				INFOPLIST_FILE = FocusHavenWidgets/Info.plist;
				INFOPLIST_KEY_CFBundleDisplayName = "FocusHaven Widgets";
				INFOPLIST_KEY_NSHumanReadableCopyright = "";
				LD_RUNPATH_SEARCH_PATHS = (
					"$(inherited)",
					"@executable_path/Frameworks",
					"@executable_path/../../Frameworks",
				);
				MARKETING_VERSION = 2.0;
				PRODUCT_BUNDLE_IDENTIFIER = com.dishaanand.focushaven.widgets;
				PRODUCT_NAME = "$(TARGET_NAME)";
				SKIP_INSTALL = YES;
				SWIFT_EMIT_LOC_STRINGS = YES;
				SWIFT_VERSION = 5.0;
				TARGETED_DEVICE_FAMILY = "1,2";
			};
			name = Debug;
		};
		BBB00052 /* Release */ = {
			isa = XCBuildConfiguration;
			buildSettings = {
				ASSETCATALOG_COMPILER_GLOBAL_ACCENT_COLOR_NAME = AccentColor;
				ASSETCATALOG_COMPILER_WIDGET_BACKGROUND_COLOR_NAME = WidgetBackground;
				CODE_SIGN_STYLE = Automatic;
				CURRENT_PROJECT_VERSION = 1;
				DEVELOPMENT_TEAM = ZK8JN58JHS;
				GENERATE_INFOPLIST_FILE = YES;
				INFOPLIST_FILE = FocusHavenWidgets/Info.plist;
				INFOPLIST_KEY_CFBundleDisplayName = "FocusHaven Widgets";
				INFOPLIST_KEY_NSHumanReadableCopyright = "";
				LD_RUNPATH_SEARCH_PATHS = (
					"$(inherited)",
					"@executable_path/Frameworks",
					"@executable_path/../../Frameworks",
				);
				MARKETING_VERSION = 2.0;
				PRODUCT_BUNDLE_IDENTIFIER = com.dishaanand.focushaven.widgets;
				PRODUCT_NAME = "$(TARGET_NAME)";
				SKIP_INSTALL = YES;
				SWIFT_EMIT_LOC_STRINGS = YES;
				SWIFT_VERSION = 5.0;
				TARGETED_DEVICE_FAMILY = "1,2";
			};
			name = Release;
		};
/* End XCBuildConfiguration section */

/* Begin XCConfigurationList section */
		AAA00050 /* Build configuration list for PBXNativeTarget "FocusHaven" */ = {
			isa = XCConfigurationList;
			buildConfigurations = (
				AAA00082 /* Debug */,
				AAA00083 /* Release */,
			);
			defaultConfigurationIsVisible = 0;
			defaultConfigurationName = Release;
		};
		AAA00061 /* Build configuration list for PBXProject "FocusHaven" */ = {
			isa = XCConfigurationList;
			buildConfigurations = (
				AAA00080 /* Debug */,
				AAA00081 /* Release */,
			);
			defaultConfigurationIsVisible = 0;
			defaultConfigurationName = Release;
		};
		BBB00050 /* Build configuration list for PBXNativeTarget "FocusHavenWidgets" */ = {
			isa = XCConfigurationList;
			buildConfigurations = (
				BBB00051 /* Debug */,
				BBB00052 /* Release */,
			);
			defaultConfigurationIsVisible = 0;
			defaultConfigurationName = Release;
		};
/* End XCConfigurationList section */

/* Begin XCLocalSwiftPackageReference section */
		AAA00070 /* XCLocalSwiftPackageReference "FocusHavenPackage" */ = {
			isa = XCLocalSwiftPackageReference;
			relativePath = FocusHavenPackage;
		};
/* End XCLocalSwiftPackageReference section */

/* Begin XCSwiftPackageProductDependency section */
		AAA00006 /* FocusHavenFeature */ = {
			isa = XCSwiftPackageProductDependency;
			productName = FocusHavenFeature;
		};
/* End XCSwiftPackageProductDependency section */
	};
	rootObject = AAA00060 /* Project object */;
}
